
Microsoft Visual Studio Solution File, Format Version 12.00
# Visual Studio Version 16
VisualStudioVersion = 16.0.30717.126
MinimumVisualStudioVersion = 10.0.40219.1
Project("{9A19103F-16F7-4668-BE54-9A1E7A4F7556}") = "Escape_Mines", "Escape_Mines\Escape_Mines.csproj", "{C6DD1D61-A098-4F62-9DD5-76DF13838B7B}"
EndProject
Project("{FAE04EC0-301F-11D3-BF4B-00C04F79EFBC}") = "Escaoe_Mines.UnitTests", "Escaoe_Mines.UnitTests\Escaoe_Mines.UnitTests.csproj", "{E5798657-DB77-42E1-9889-8FDEB673CA18}"
EndProject
Global
	GlobalSection(SolutionConfigurationPlatforms) = preSolution
		Debug|Any CPU = Debug|Any CPU
		Release|Any CPU = Release|Any CPU
	EndGlobalSection
	GlobalSection(ProjectConfigurationPlatforms) = postSolution
		{C6DD1D61-A098-4F62-9DD5-76DF13838B7B}.Debug|Any CPU.ActiveCfg = Debug|Any CPU
		{C6DD1D61-A098-4F62-9DD5-76DF13838B7B}.Debug|Any CPU.Build.0 = Debug|Any CPU
		{C6DD1D61-A098-4F62-9DD5-76DF13838B7B}.Release|Any CPU.ActiveCfg = Release|Any CPU
		{C6DD1D61-A098-4F62-9DD5-76DF13838B7B}.Release|Any CPU.Build.0 = Release|Any CPU
		{E5798657-DB77-42E1-9889-8FDEB673CA18}.Debug|Any CPU.ActiveCfg = Debug|Any CPU
		{E5798657-DB77-42E1-9889-8FDEB673CA18}.Debug|Any CPU.Build.0 = Debug|Any CPU
		{E5798657-DB77-42E1-9889-8FDEB673CA18}.Release|Any CPU.ActiveCfg = Release|Any CPU
		{E5798657-DB77-42E1-9889-8FDEB673CA18}.Release|Any CPU.Build.0 = Release|Any CPU
	EndGlobalSection
	GlobalSection(SolutionProperties) = preSolution
		HideSolutionNode = FALSE
	EndGlobalSection
	GlobalSection(ExtensibilityGlobals) = postSolution
		SolutionGuid = {63631C11-B129-44EC-ACAC-D970DC6C12E5}
	EndGlobalSection
EndGlobal
